
Microsoft Visual Studio Solution File, Format Version 12.00
# Visual Studio Version 17
VisualStudioVersion = 17.3.32901.215
MinimumVisualStudioVersion = 10.0.40219.1
Project("{FAE04EC0-301F-11D3-BF4B-00C04F79EFBC}") = "sıra alma queue", "sıra alma queue\sıra alma queue.csproj", "{4818358D-DCD0-4642-9E9F-02F5D00C177C}"
EndProject
Global
	GlobalSection(SolutionConfigurationPlatforms) = preSolution
		Debug|Any CPU = Debug|Any CPU
		Release|Any CPU = Release|Any CPU
	EndGlobalSection
	GlobalSection(ProjectConfigurationPlatforms) = postSolution
		{4818358D-DCD0-4642-9E9F-02F5D00C177C}.Debug|Any CPU.ActiveCfg = Debug|Any CPU
		{4818358D-DCD0-4642-9E9F-02F5D00C177C}.Debug|Any CPU.Build.0 = Debug|Any CPU
		{4818358D-DCD0-4642-9E9F-02F5D00C177C}.Release|Any CPU.ActiveCfg = Release|Any CPU
		{4818358D-DCD0-4642-9E9F-02F5D00C177C}.Release|Any CPU.Build.0 = Release|Any CPU
	EndGlobalSection
	GlobalSection(SolutionProperties) = preSolution
		HideSolutionNode = FALSE
	EndGlobalSection
	GlobalSection(ExtensibilityGlobals) = postSolution
		SolutionGuid = {1E4300E9-3C0D-41CF-9DCC-AE638382888E}
	EndGlobalSection
EndGlobal
